// !$*UTF8*$!
{
	archiveVersion = 1;
	classes = {
	};
	objectVersion = 51;
	objects = {

/* Begin PBXBuildFile section */
		861022A424F7118900950050 /* WeatherResponse.swift in Sources */ = {isa = PBXBuildFile; fileRef = 861022A324F7118900950050 /* WeatherResponse.swift */; };
		861022A624F716F700950050 /* NetworkService.swift in Sources */ = {isa = PBXBuildFile; fileRef = 861022A524F716F700950050 /* NetworkService.swift */; };
		8615CA4524FAEC3100531138 /* UITableViewCell+Extension.swift in Sources */ = {isa = PBXBuildFile; fileRef = 8615CA4424FAEC3100531138 /* UITableViewCell+Extension.swift */; };
		863B47AA24DF568800D594F7 /* ForecastViewController.swift in Sources */ = {isa = PBXBuildFile; fileRef = 863B47A924DF568800D594F7 /* ForecastViewController.swift */; };
		863B47AD24DF56D600D594F7 /* ForecastPresenter.swift in Sources */ = {isa = PBXBuildFile; fileRef = 863B47AC24DF56D600D594F7 /* ForecastPresenter.swift */; };
		864497C324BF5B2600FF6305 /* CityListPresenter.swift in Sources */ = {isa = PBXBuildFile; fileRef = 864497C224BF5B2600FF6305 /* CityListPresenter.swift */; };
		8687B3B624BF5F160014324D /* WeatherModel.swift in Sources */ = {isa = PBXBuildFile; fileRef = 8687B3B524BF5F160014324D /* WeatherModel.swift */; };
		8691DCC62502C329005DB208 /* ForecastCollectionViewCell.swift in Sources */ = {isa = PBXBuildFile; fileRef = 8691DCC52502C329005DB208 /* ForecastCollectionViewCell.swift */; };
		8691DCC82502C653005DB208 /* ForecastTableViewCell.swift in Sources */ = {isa = PBXBuildFile; fileRef = 8691DCC72502C653005DB208 /* ForecastTableViewCell.swift */; };
		86B254A1250100D40080238E /* UIActivityIndicatorView+Extension.swift in Sources */ = {isa = PBXBuildFile; fileRef = 86B254A0250100D40080238E /* UIActivityIndicatorView+Extension.swift */; };
		86BC99E92504415F00D9258F /* UIView+Extension.swift in Sources */ = {isa = PBXBuildFile; fileRef = 86BC99E82504415F00D9258F /* UIView+Extension.swift */; };
		86BC99EB2505581400D9258F /* Property.swift in Sources */ = {isa = PBXBuildFile; fileRef = 86BC99EA2505581400D9258F /* Property.swift */; };
		86BC99ED2505584600D9258F /* Signal+Emitter.swift in Sources */ = {isa = PBXBuildFile; fileRef = 86BC99EC2505584600D9258F /* Signal+Emitter.swift */; };
		86BC99EF2507C6E100D9258F /* DatabaseService.swift in Sources */ = {isa = PBXBuildFile; fileRef = 86BC99EE2507C6E000D9258F /* DatabaseService.swift */; };
		86BC99F12510B26200D9258F /* Date+Extension.swift in Sources */ = {isa = PBXBuildFile; fileRef = 86BC99F02510B26200D9258F /* Date+Extension.swift */; };
		86CA1BBE24B515B100678529 /* CityTableViewCell.swift in Sources */ = {isa = PBXBuildFile; fileRef = 86CA1BBD24B515B100678529 /* CityTableViewCell.swift */; };
		86CA1BC024B51AC200678529 /* GeolocationService.swift in Sources */ = {isa = PBXBuildFile; fileRef = 86CA1BBF24B51AC200678529 /* GeolocationService.swift */; };
		86CA1BC424B787AA00678529 /* CoreLocation.framework in Frameworks */ = {isa = PBXBuildFile; fileRef = 86CA1BC324B787AA00678529 /* CoreLocation.framework */; };
		86CFB8B024D0B96B001BAD1C /* MoyaCacheable.swift in Sources */ = {isa = PBXBuildFile; fileRef = 86CFB8AF24D0B96B001BAD1C /* MoyaCacheable.swift */; };
		86CFB8B224D0B980001BAD1C /* MoyaCacheablePlugin.swift in Sources */ = {isa = PBXBuildFile; fileRef = 86CFB8B124D0B980001BAD1C /* MoyaCacheablePlugin.swift */; };
		86CFB8B424D1F4BF001BAD1C /* WeatherSearchAPI.swift in Sources */ = {isa = PBXBuildFile; fileRef = 86CFB8B324D1F4BF001BAD1C /* WeatherSearchAPI.swift */; };
		86E11C3024B11A5500131DCD /* AppDelegate.swift in Sources */ = {isa = PBXBuildFile; fileRef = 86E11C2F24B11A5500131DCD /* AppDelegate.swift */; };
		86E11C3724B11A5500131DCD /* Main.storyboard in Resources */ = {isa = PBXBuildFile; fileRef = 86E11C3524B11A5500131DCD /* Main.storyboard */; };
		86E11C3924B11A5900131DCD /* Assets.xcassets in Resources */ = {isa = PBXBuildFile; fileRef = 86E11C3824B11A5900131DCD /* Assets.xcassets */; };
		86E11C3C24B11A5900131DCD /* LaunchScreen.storyboard in Resources */ = {isa = PBXBuildFile; fileRef = 86E11C3A24B11A5900131DCD /* LaunchScreen.storyboard */; };
		86E11C4424B4F8DF00131DCD /* CityListViewController.swift in Sources */ = {isa = PBXBuildFile; fileRef = 86E11C4324B4F8DF00131DCD /* CityListViewController.swift */; };
		D5DC69D3C91EEEEA87E5A43B /* Pods_WeatherApp.framework in Frameworks */ = {isa = PBXBuildFile; fileRef = 05C592EC3A616223F7654C56 /* Pods_WeatherApp.framework */; };
/* End PBXBuildFile section */

/* Begin PBXFileReference section */
		05C592EC3A616223F7654C56 /* Pods_WeatherApp.framework */ = {isa = PBXFileReference; explicitFileType = wrapper.framework; includeInIndex = 0; path = Pods_WeatherApp.framework; sourceTree = BUILT_PRODUCTS_DIR; };
		392E37D9600724C8F33E0A83 /* Pods-WeatherApp.release.xcconfig */ = {isa = PBXFileReference; includeInIndex = 1; lastKnownFileType = text.xcconfig; name = "Pods-WeatherApp.release.xcconfig"; path = "Target Support Files/Pods-WeatherApp/Pods-WeatherApp.release.xcconfig"; sourceTree = "<group>"; };
		861022A324F7118900950050 /* WeatherResponse.swift */ = {isa = PBXFileReference; lastKnownFileType = sourcecode.swift; path = WeatherResponse.swift; sourceTree = "<group>"; };
		861022A524F716F700950050 /* NetworkService.swift */ = {isa = PBXFileReference; lastKnownFileType = sourcecode.swift; path = NetworkService.swift; sourceTree = "<group>"; };
		8615CA4424FAEC3100531138 /* UITableViewCell+Extension.swift */ = {isa = PBXFileReference; lastKnownFileType = sourcecode.swift; path = "UITableViewCell+Extension.swift"; sourceTree = "<group>"; };
		863B47A924DF568800D594F7 /* ForecastViewController.swift */ = {isa = PBXFileReference; lastKnownFileType = sourcecode.swift; path = ForecastViewController.swift; sourceTree = "<group>"; };
		863B47AC24DF56D600D594F7 /* ForecastPresenter.swift */ = {isa = PBXFileReference; lastKnownFileType = sourcecode.swift; path = ForecastPresenter.swift; sourceTree = "<group>"; };
		864497C224BF5B2600FF6305 /* CityListPresenter.swift */ = {isa = PBXFileReference; lastKnownFileType = sourcecode.swift; path = CityListPresenter.swift; sourceTree = "<group>"; };
		8687B3B524BF5F160014324D /* WeatherModel.swift */ = {isa = PBXFileReference; lastKnownFileType = sourcecode.swift; path = WeatherModel.swift; sourceTree = "<group>"; };
		8691DCC52502C329005DB208 /* ForecastCollectionViewCell.swift */ = {isa = PBXFileReference; lastKnownFileType = sourcecode.swift; path = ForecastCollectionViewCell.swift; sourceTree = "<group>"; };
		8691DCC72502C653005DB208 /* ForecastTableViewCell.swift */ = {isa = PBXFileReference; lastKnownFileType = sourcecode.swift; path = ForecastTableViewCell.swift; sourceTree = "<group>"; };
		86B254A0250100D40080238E /* UIActivityIndicatorView+Extension.swift */ = {isa = PBXFileReference; lastKnownFileType = sourcecode.swift; path = "UIActivityIndicatorView+Extension.swift"; sourceTree = "<group>"; };
		86BC99E82504415F00D9258F /* UIView+Extension.swift */ = {isa = PBXFileReference; lastKnownFileType = sourcecode.swift; path = "UIView+Extension.swift"; sourceTree = "<group>"; };
		86BC99EA2505581400D9258F /* Property.swift */ = {isa = PBXFileReference; lastKnownFileType = sourcecode.swift; path = Property.swift; sourceTree = "<group>"; };
		86BC99EC2505584600D9258F /* Signal+Emitter.swift */ = {isa = PBXFileReference; lastKnownFileType = sourcecode.swift; path = "Signal+Emitter.swift"; sourceTree = "<group>"; };
		86BC99EE2507C6E000D9258F /* DatabaseService.swift */ = {isa = PBXFileReference; lastKnownFileType = sourcecode.swift; path = DatabaseService.swift; sourceTree = "<group>"; };
		86BC99F02510B26200D9258F /* Date+Extension.swift */ = {isa = PBXFileReference; lastKnownFileType = sourcecode.swift; path = "Date+Extension.swift"; sourceTree = "<group>"; };
		86CA1BBD24B515B100678529 /* CityTableViewCell.swift */ = {isa = PBXFileReference; lastKnownFileType = sourcecode.swift; path = CityTableViewCell.swift; sourceTree = "<group>"; };
		86CA1BBF24B51AC200678529 /* GeolocationService.swift */ = {isa = PBXFileReference; lastKnownFileType = sourcecode.swift; path = GeolocationService.swift; sourceTree = "<group>"; };
		86CA1BC324B787AA00678529 /* CoreLocation.framework */ = {isa = PBXFileReference; lastKnownFileType = wrapper.framework; name = CoreLocation.framework; path = System/Library/Frameworks/CoreLocation.framework; sourceTree = SDKROOT; };
		86CFB8AF24D0B96B001BAD1C /* MoyaCacheable.swift */ = {isa = PBXFileReference; lastKnownFileType = sourcecode.swift; path = MoyaCacheable.swift; sourceTree = "<group>"; };
		86CFB8B124D0B980001BAD1C /* MoyaCacheablePlugin.swift */ = {isa = PBXFileReference; lastKnownFileType = sourcecode.swift; path = MoyaCacheablePlugin.swift; sourceTree = "<group>"; };
		86CFB8B324D1F4BF001BAD1C /* WeatherSearchAPI.swift */ = {isa = PBXFileReference; lastKnownFileType = sourcecode.swift; path = WeatherSearchAPI.swift; sourceTree = "<group>"; };
		86E11C2C24B11A5500131DCD /* WeatherApp.app */ = {isa = PBXFileReference; explicitFileType = wrapper.application; includeInIndex = 0; path = WeatherApp.app; sourceTree = BUILT_PRODUCTS_DIR; };
		86E11C2F24B11A5500131DCD /* AppDelegate.swift */ = {isa = PBXFileReference; lastKnownFileType = sourcecode.swift; path = AppDelegate.swift; sourceTree = "<group>"; };
		86E11C3624B11A5500131DCD /* Base */ = {isa = PBXFileReference; lastKnownFileType = file.storyboard; name = Base; path = Base.lproj/Main.storyboard; sourceTree = "<group>"; };
		86E11C3824B11A5900131DCD /* Assets.xcassets */ = {isa = PBXFileReference; lastKnownFileType = folder.assetcatalog; path = Assets.xcassets; sourceTree = "<group>"; };
		86E11C3B24B11A5900131DCD /* Base */ = {isa = PBXFileReference; lastKnownFileType = file.storyboard; name = Base; path = Base.lproj/LaunchScreen.storyboard; sourceTree = "<group>"; };
		86E11C3D24B11A5900131DCD /* Info.plist */ = {isa = PBXFileReference; lastKnownFileType = text.plist.xml; path = Info.plist; sourceTree = "<group>"; };
		86E11C4324B4F8DF00131DCD /* CityListViewController.swift */ = {isa = PBXFileReference; lastKnownFileType = sourcecode.swift; path = CityListViewController.swift; sourceTree = "<group>"; };
		B1656AA869FD7CF86BE2A274 /* Pods-WeatherApp.debug.xcconfig */ = {isa = PBXFileReference; includeInIndex = 1; lastKnownFileType = text.xcconfig; name = "Pods-WeatherApp.debug.xcconfig"; path = "Target Support Files/Pods-WeatherApp/Pods-WeatherApp.debug.xcconfig"; sourceTree = "<group>"; };
/* End PBXFileReference section */

/* Begin PBXFrameworksBuildPhase section */
		86E11C2924B11A5500131DCD /* Frameworks */ = {
			isa = PBXFrameworksBuildPhase;
			buildActionMask = 2147483647;
			files = (
				86CA1BC424B787AA00678529 /* CoreLocation.framework in Frameworks */,
				D5DC69D3C91EEEEA87E5A43B /* Pods_WeatherApp.framework in Frameworks */,
			);
			runOnlyForDeploymentPostprocessing = 0;
		};
/* End PBXFrameworksBuildPhase section */

/* Begin PBXGroup section */
		3AF519EDBD5F6F3A46ED6F3E /* Pods */ = {
			isa = PBXGroup;
			children = (
				B1656AA869FD7CF86BE2A274 /* Pods-WeatherApp.debug.xcconfig */,
				392E37D9600724C8F33E0A83 /* Pods-WeatherApp.release.xcconfig */,
			);
			path = Pods;
			sourceTree = "<group>";
		};
		8615CA4624FAEE1B00531138 /* Extension */ = {
			isa = PBXGroup;
			children = (
				8615CA4424FAEC3100531138 /* UITableViewCell+Extension.swift */,
				86B254A0250100D40080238E /* UIActivityIndicatorView+Extension.swift */,
				86BC99E82504415F00D9258F /* UIView+Extension.swift */,
				86BC99EA2505581400D9258F /* Property.swift */,
				86BC99EC2505584600D9258F /* Signal+Emitter.swift */,
				86BC99F02510B26200D9258F /* Date+Extension.swift */,
			);
			path = Extension;
			sourceTree = "<group>";
		};
		863B47AB24DF569400D594F7 /* Forecast List Module */ = {
			isa = PBXGroup;
			children = (
				863B47A924DF568800D594F7 /* ForecastViewController.swift */,
				863B47AC24DF56D600D594F7 /* ForecastPresenter.swift */,
				8691DCC52502C329005DB208 /* ForecastCollectionViewCell.swift */,
				8691DCC72502C653005DB208 /* ForecastTableViewCell.swift */,
			);
			path = "Forecast List Module";
			sourceTree = "<group>";
		};
		8687B3B724BF5F350014324D /* Models */ = {
			isa = PBXGroup;
			children = (
				8687B3B524BF5F160014324D /* WeatherModel.swift */,
			);
			path = Models;
			sourceTree = "<group>";
		};
		86CA1BC124B51AC600678529 /* Services */ = {
			isa = PBXGroup;
			children = (
				86CA1BBF24B51AC200678529 /* GeolocationService.swift */,
				861022A524F716F700950050 /* NetworkService.swift */,
				86BC99EE2507C6E000D9258F /* DatabaseService.swift */,
			);
			path = Services;
			sourceTree = "<group>";
		};
		86CA1BC224B787AA00678529 /* Frameworks */ = {
			isa = PBXGroup;
			children = (
				86CA1BC324B787AA00678529 /* CoreLocation.framework */,
				05C592EC3A616223F7654C56 /* Pods_WeatherApp.framework */,
			);
			name = Frameworks;
			sourceTree = "<group>";
		};
		86CFB8AC24D0B5FA001BAD1C /* Network */ = {
			isa = PBXGroup;
			children = (
				86CFB8AE24D0B927001BAD1C /* Cache */,
				86CFB8AD24D0B617001BAD1C /* API */,
			);
			path = Network;
			sourceTree = "<group>";
		};
		86CFB8AD24D0B617001BAD1C /* API */ = {
			isa = PBXGroup;
			children = (
				86CFB8B324D1F4BF001BAD1C /* WeatherSearchAPI.swift */,
				861022A324F7118900950050 /* WeatherResponse.swift */,
			);
			path = API;
			sourceTree = "<group>";
		};
		86CFB8AE24D0B927001BAD1C /* Cache */ = {
			isa = PBXGroup;
			children = (
				86CFB8AF24D0B96B001BAD1C /* MoyaCacheable.swift */,
				86CFB8B124D0B980001BAD1C /* MoyaCacheablePlugin.swift */,
			);
			path = Cache;
			sourceTree = "<group>";
		};
		86E11C2324B11A5500131DCD = {
			isa = PBXGroup;
			children = (
				86E11C2E24B11A5500131DCD /* WeatherApp */,
				86E11C2D24B11A5500131DCD /* Products */,
				86CA1BC224B787AA00678529 /* Frameworks */,
				3AF519EDBD5F6F3A46ED6F3E /* Pods */,
			);
			sourceTree = "<group>";
		};
		86E11C2D24B11A5500131DCD /* Products */ = {
			isa = PBXGroup;
			children = (
				86E11C2C24B11A5500131DCD /* WeatherApp.app */,
			);
			name = Products;
			sourceTree = "<group>";
		};
		86E11C2E24B11A5500131DCD /* WeatherApp */ = {
			isa = PBXGroup;
			children = (
				86E11C2F24B11A5500131DCD /* AppDelegate.swift */,
				86E11C3524B11A5500131DCD /* Main.storyboard */,
				8687B3B724BF5F350014324D /* Models */,
				86E11C4524B4F8F000131DCD /* City List Module */,
				863B47AB24DF569400D594F7 /* Forecast List Module */,
				86CFB8AC24D0B5FA001BAD1C /* Network */,
				86CA1BC124B51AC600678529 /* Services */,
				8615CA4624FAEE1B00531138 /* Extension */,
				86E11C3824B11A5900131DCD /* Assets.xcassets */,
				86E11C3A24B11A5900131DCD /* LaunchScreen.storyboard */,
				86E11C3D24B11A5900131DCD /* Info.plist */,
			);
			path = WeatherApp;
			sourceTree = "<group>";
		};
		86E11C4524B4F8F000131DCD /* City List Module */ = {
			isa = PBXGroup;
			children = (
				86E11C4324B4F8DF00131DCD /* CityListViewController.swift */,
				864497C224BF5B2600FF6305 /* CityListPresenter.swift */,
				86CA1BBD24B515B100678529 /* CityTableViewCell.swift */,
			);
			path = "City List Module";
			sourceTree = "<group>";
		};
/* End PBXGroup section */

/* Begin PBXNativeTarget section */
		86E11C2B24B11A5500131DCD /* WeatherApp */ = {
			isa = PBXNativeTarget;
			buildConfigurationList = 86E11C4024B11A5900131DCD /* Build configuration list for PBXNativeTarget "WeatherApp" */;
			buildPhases = (
				41A34CED1C749EF5C48A2464 /* [CP] Check Pods Manifest.lock */,
				86E11C2824B11A5500131DCD /* Sources */,
				86E11C2924B11A5500131DCD /* Frameworks */,
				86E11C2A24B11A5500131DCD /* Resources */,
				A1A3EC1BC231300AC484277A /* [CP] Embed Pods Frameworks */,
			);
			buildRules = (
			);
			dependencies = (
			);
			name = WeatherApp;
			productName = WeatherApp;
			productReference = 86E11C2C24B11A5500131DCD /* WeatherApp.app */;
			productType = "com.apple.product-type.application";
		};
/* End PBXNativeTarget section */

/* Begin PBXProject section */
		86E11C2424B11A5500131DCD /* Project object */ = {
			isa = PBXProject;
			attributes = {
				LastSwiftUpdateCheck = 1150;
				LastUpgradeCheck = 1150;
				ORGANIZATIONNAME = AnastasiaDemidova;
				TargetAttributes = {
					86E11C2B24B11A5500131DCD = {
						CreatedOnToolsVersion = 11.5;
					};
				};
			};
			buildConfigurationList = 86E11C2724B11A5500131DCD /* Build configuration list for PBXProject "WeatherApp" */;
			compatibilityVersion = "Xcode 9.3";
			developmentRegion = en;
			hasScannedForEncodings = 0;
			knownRegions = (
				en,
				Base,
			);
			mainGroup = 86E11C2324B11A5500131DCD;
			productRefGroup = 86E11C2D24B11A5500131DCD /* Products */;
			projectDirPath = "";
			projectRoot = "";
			targets = (
				86E11C2B24B11A5500131DCD /* WeatherApp */,
			);
		};
/* End PBXProject section */

/* Begin PBXResourcesBuildPhase section */
		86E11C2A24B11A5500131DCD /* Resources */ = {
			isa = PBXResourcesBuildPhase;
			buildActionMask = 2147483647;
			files = (
				86E11C3C24B11A5900131DCD /* LaunchScreen.storyboard in Resources */,
				86E11C3924B11A5900131DCD /* Assets.xcassets in Resources */,
				86E11C3724B11A5500131DCD /* Main.storyboard in Resources */,
			);
			runOnlyForDeploymentPostprocessing = 0;
		};
/* End PBXResourcesBuildPhase section */

/* Begin PBXShellScriptBuildPhase section */
		41A34CED1C749EF5C48A2464 /* [CP] Check Pods Manifest.lock */ = {
			isa = PBXShellScriptBuildPhase;
			buildActionMask = 2147483647;
			files = (
			);
			inputFileListPaths = (
			);
			inputPaths = (
				"${PODS_PODFILE_DIR_PATH}/Podfile.lock",
				"${PODS_ROOT}/Manifest.lock",
			);
			name = "[CP] Check Pods Manifest.lock";
			outputFileListPaths = (
			);
			outputPaths = (
				"$(DERIVED_FILE_DIR)/Pods-WeatherApp-checkManifestLockResult.txt",
			);
			runOnlyForDeploymentPostprocessing = 0;
			shellPath = /bin/sh;
			shellScript = "diff \"${PODS_PODFILE_DIR_PATH}/Podfile.lock\" \"${PODS_ROOT}/Manifest.lock\" > /dev/null\nif [ $? != 0 ] ; then\n    # print error to STDERR\n    echo \"error: The sandbox is not in sync with the Podfile.lock. Run 'pod install' or update your CocoaPods installation.\" >&2\n    exit 1\nfi\n# This output is used by Xcode 'outputs' to avoid re-running this script phase.\necho \"SUCCESS\" > \"${SCRIPT_OUTPUT_FILE_0}\"\n";
			showEnvVarsInLog = 0;
		};
		A1A3EC1BC231300AC484277A /* [CP] Embed Pods Frameworks */ = {
			isa = PBXShellScriptBuildPhase;
			buildActionMask = 2147483647;
			files = (
			);
			inputFileListPaths = (
				"${PODS_ROOT}/Target Support Files/Pods-WeatherApp/Pods-WeatherApp-frameworks-${CONFIGURATION}-input-files.xcfilelist",
			);
			name = "[CP] Embed Pods Frameworks";
			outputFileListPaths = (
				"${PODS_ROOT}/Target Support Files/Pods-WeatherApp/Pods-WeatherApp-frameworks-${CONFIGURATION}-output-files.xcfilelist",
			);
			runOnlyForDeploymentPostprocessing = 0;
			shellPath = /bin/sh;
			shellScript = "\"${PODS_ROOT}/Target Support Files/Pods-WeatherApp/Pods-WeatherApp-frameworks.sh\"\n";
			showEnvVarsInLog = 0;
		};
/* End PBXShellScriptBuildPhase section */

/* Begin PBXSourcesBuildPhase section */
		86E11C2824B11A5500131DCD /* Sources */ = {
			isa = PBXSourcesBuildPhase;
			buildActionMask = 2147483647;
			files = (
				86CA1BC024B51AC200678529 /* GeolocationService.swift in Sources */,
				86BC99F12510B26200D9258F /* Date+Extension.swift in Sources */,
				86B254A1250100D40080238E /* UIActivityIndicatorView+Extension.swift in Sources */,
				86BC99ED2505584600D9258F /* Signal+Emitter.swift in Sources */,
				86BC99EB2505581400D9258F /* Property.swift in Sources */,
				8691DCC62502C329005DB208 /* ForecastCollectionViewCell.swift in Sources */,
				8615CA4524FAEC3100531138 /* UITableViewCell+Extension.swift in Sources */,
				86CFB8B424D1F4BF001BAD1C /* WeatherSearchAPI.swift in Sources */,
				864497C324BF5B2600FF6305 /* CityListPresenter.swift in Sources */,
				86CA1BBE24B515B100678529 /* CityTableViewCell.swift in Sources */,
				86E11C4424B4F8DF00131DCD /* CityListViewController.swift in Sources */,
				861022A424F7118900950050 /* WeatherResponse.swift in Sources */,
				863B47AD24DF56D600D594F7 /* ForecastPresenter.swift in Sources */,
				8691DCC82502C653005DB208 /* ForecastTableViewCell.swift in Sources */,
				86CFB8B224D0B980001BAD1C /* MoyaCacheablePlugin.swift in Sources */,
				86BC99E92504415F00D9258F /* UIView+Extension.swift in Sources */,
				86BC99EF2507C6E100D9258F /* DatabaseService.swift in Sources */,
				86CFB8B024D0B96B001BAD1C /* MoyaCacheable.swift in Sources */,
				8687B3B624BF5F160014324D /* WeatherModel.swift in Sources */,
				86E11C3024B11A5500131DCD /* AppDelegate.swift in Sources */,
				861022A624F716F700950050 /* NetworkService.swift in Sources */,
				863B47AA24DF568800D594F7 /* ForecastViewController.swift in Sources */,
			);
			runOnlyForDeploymentPostprocessing = 0;
		};
/* End PBXSourcesBuildPhase section */

/* Begin PBXVariantGroup section */
		86E11C3524B11A5500131DCD /* Main.storyboard */ = {
			isa = PBXVariantGroup;
			children = (
				86E11C3624B11A5500131DCD /* Base */,
			);
			name = Main.storyboard;
			sourceTree = "<group>";
		};
		86E11C3A24B11A5900131DCD /* LaunchScreen.storyboard */ = {
			isa = PBXVariantGroup;
			children = (
				86E11C3B24B11A5900131DCD /* Base */,
			);
			name = LaunchScreen.storyboard;
			sourceTree = "<group>";
		};
/* End PBXVariantGroup section */

/* Begin XCBuildConfiguration section */
		86E11C3E24B11A5900131DCD /* Debug */ = {
			isa = XCBuildConfiguration;
			buildSettings = {
				ALWAYS_SEARCH_USER_PATHS = NO;
				CLANG_ANALYZER_NONNULL = YES;
				CLANG_ANALYZER_NUMBER_OBJECT_CONVERSION = YES_AGGRESSIVE;
				CLANG_CXX_LANGUAGE_STANDARD = "gnu++14";
				CLANG_CXX_LIBRARY = "libc++";
				CLANG_ENABLE_MODULES = YES;
				CLANG_ENABLE_OBJC_ARC = YES;
				CLANG_ENABLE_OBJC_WEAK = YES;
				CLANG_WARN_BLOCK_CAPTURE_AUTORELEASING = YES;
				CLANG_WARN_BOOL_CONVERSION = YES;
				CLANG_WARN_COMMA = YES;
				CLANG_WARN_CONSTANT_CONVERSION = YES;
				CLANG_WARN_DEPRECATED_OBJC_IMPLEMENTATIONS = YES;
				CLANG_WARN_DIRECT_OBJC_ISA_USAGE = YES_ERROR;
				CLANG_WARN_DOCUMENTATION_COMMENTS = YES;
				CLANG_WARN_EMPTY_BODY = YES;
				CLANG_WARN_ENUM_CONVERSION = YES;
				CLANG_WARN_INFINITE_RECURSION = YES;
				CLANG_WARN_INT_CONVERSION = YES;
				CLANG_WARN_NON_LITERAL_NULL_CONVERSION = YES;
				CLANG_WARN_OBJC_IMPLICIT_RETAIN_SELF = YES;
				CLANG_WARN_OBJC_LITERAL_CONVERSION = YES;
				CLANG_WARN_OBJC_ROOT_CLASS = YES_ERROR;
				CLANG_WARN_RANGE_LOOP_ANALYSIS = YES;
				CLANG_WARN_STRICT_PROTOTYPES = YES;
				CLANG_WARN_SUSPICIOUS_MOVE = YES;
				CLANG_WARN_UNGUARDED_AVAILABILITY = YES_AGGRESSIVE;
				CLANG_WARN_UNREACHABLE_CODE = YES;
				CLANG_WARN__DUPLICATE_METHOD_MATCH = YES;
				COPY_PHASE_STRIP = NO;
				DEBUG_INFORMATION_FORMAT = dwarf;
				ENABLE_STRICT_OBJC_MSGSEND = YES;
				ENABLE_TESTABILITY = YES;
				GCC_C_LANGUAGE_STANDARD = gnu11;
				GCC_DYNAMIC_NO_PIC = NO;
				GCC_NO_COMMON_BLOCKS = YES;
				GCC_OPTIMIZATION_LEVEL = 0;
				GCC_PREPROCESSOR_DEFINITIONS = (
					"DEBUG=1",
					"$(inherited)",
				);
				GCC_WARN_64_TO_32_BIT_CONVERSION = YES;
				GCC_WARN_ABOUT_RETURN_TYPE = YES_ERROR;
				GCC_WARN_UNDECLARED_SELECTOR = YES;
				GCC_WARN_UNINITIALIZED_AUTOS = YES_AGGRESSIVE;
				GCC_WARN_UNUSED_FUNCTION = YES;
				GCC_WARN_UNUSED_VARIABLE = YES;
				IPHONEOS_DEPLOYMENT_TARGET = 13.5;
				MTL_ENABLE_DEBUG_INFO = INCLUDE_SOURCE;
				MTL_FAST_MATH = YES;
				ONLY_ACTIVE_ARCH = YES;
				SDKROOT = iphoneos;
				SWIFT_ACTIVE_COMPILATION_CONDITIONS = DEBUG;
				SWIFT_OPTIMIZATION_LEVEL = "-Onone";
			};
			name = Debug;
		};
		86E11C3F24B11A5900131DCD /* Release */ = {
			isa = XCBuildConfiguration;
			buildSettings = {
				ALWAYS_SEARCH_USER_PATHS = NO;
				CLANG_ANALYZER_NONNULL = YES;
				CLANG_ANALYZER_NUMBER_OBJECT_CONVERSION = YES_AGGRESSIVE;
				CLANG_CXX_LANGUAGE_STANDARD = "gnu++14";
				CLANG_CXX_LIBRARY = "libc++";
				CLANG_ENABLE_MODULES = YES;
				CLANG_ENABLE_OBJC_ARC = YES;
				CLANG_ENABLE_OBJC_WEAK = YES;
				CLANG_WARN_BLOCK_CAPTURE_AUTORELEASING = YES;
				CLANG_WARN_BOOL_CONVERSION = YES;
				CLANG_WARN_COMMA = YES;
				CLANG_WARN_CONSTANT_CONVERSION = YES;
				CLANG_WARN_DEPRECATED_OBJC_IMPLEMENTATIONS = YES;
				CLANG_WARN_DIRECT_OBJC_ISA_USAGE = YES_ERROR;
				CLANG_WARN_DOCUMENTATION_COMMENTS = YES;
				CLANG_WARN_EMPTY_BODY = YES;
				CLANG_WARN_ENUM_CONVERSION = YES;
				CLANG_WARN_INFINITE_RECURSION = YES;
				CLANG_WARN_INT_CONVERSION = YES;
				CLANG_WARN_NON_LITERAL_NULL_CONVERSION = YES;
				CLANG_WARN_OBJC_IMPLICIT_RETAIN_SELF = YES;
				CLANG_WARN_OBJC_LITERAL_CONVERSION = YES;
				CLANG_WARN_OBJC_ROOT_CLASS = YES_ERROR;
				CLANG_WARN_RANGE_LOOP_ANALYSIS = YES;
				CLANG_WARN_STRICT_PROTOTYPES = YES;
				CLANG_WARN_SUSPICIOUS_MOVE = YES;
				CLANG_WARN_UNGUARDED_AVAILABILITY = YES_AGGRESSIVE;
				CLANG_WARN_UNREACHABLE_CODE = YES;
				CLANG_WARN__DUPLICATE_METHOD_MATCH = YES;
				COPY_PHASE_STRIP = NO;
				DEBUG_INFORMATION_FORMAT = "dwarf-with-dsym";
				ENABLE_NS_ASSERTIONS = NO;
				ENABLE_STRICT_OBJC_MSGSEND = YES;
				GCC_C_LANGUAGE_STANDARD = gnu11;
				GCC_NO_COMMON_BLOCKS = YES;
				GCC_WARN_64_TO_32_BIT_CONVERSION = YES;
				GCC_WARN_ABOUT_RETURN_TYPE = YES_ERROR;
				GCC_WARN_UNDECLARED_SELECTOR = YES;
				GCC_WARN_UNINITIALIZED_AUTOS = YES_AGGRESSIVE;
				GCC_WARN_UNUSED_FUNCTION = YES;
				GCC_WARN_UNUSED_VARIABLE = YES;
				IPHONEOS_DEPLOYMENT_TARGET = 13.5;
				MTL_ENABLE_DEBUG_INFO = NO;
				MTL_FAST_MATH = YES;
				SDKROOT = iphoneos;
				SWIFT_COMPILATION_MODE = wholemodule;
				SWIFT_OPTIMIZATION_LEVEL = "-O";
				VALIDATE_PRODUCT = YES;
			};
			name = Release;
		};
		86E11C4124B11A5900131DCD /* Debug */ = {
			isa = XCBuildConfiguration;
			baseConfigurationReference = B1656AA869FD7CF86BE2A274 /* Pods-WeatherApp.debug.xcconfig */;
			buildSettings = {
				ASSETCATALOG_COMPILER_APPICON_NAME = AppIcon;
				CODE_SIGN_STYLE = Automatic;
				DEVELOPMENT_TEAM = SA46VNKRBQ;
				INFOPLIST_FILE = WeatherApp/Info.plist;
				IPHONEOS_DEPLOYMENT_TARGET = 14.0;
				LD_RUNPATH_SEARCH_PATHS = (
					"$(inherited)",
					"@executable_path/Frameworks",
				);
				PRODUCT_BUNDLE_IDENTIFIER = com.demidova.WeatherApp;
				PRODUCT_NAME = "$(TARGET_NAME)";
				SWIFT_VERSION = 5.0;
				TARGETED_DEVICE_FAMILY = 1;
			};
			name = Debug;
		};
		86E11C4224B11A5900131DCD /* Release */ = {
			isa = XCBuildConfiguration;
			baseConfigurationReference = 392E37D9600724C8F33E0A83 /* Pods-WeatherApp.release.xcconfig */;
			buildSettings = {
				ASSETCATALOG_COMPILER_APPICON_NAME = AppIcon;
				CODE_SIGN_STYLE = Automatic;
				DEVELOPMENT_TEAM = SA46VNKRBQ;
				INFOPLIST_FILE = WeatherApp/Info.plist;
				IPHONEOS_DEPLOYMENT_TARGET = 14.0;
				LD_RUNPATH_SEARCH_PATHS = (
					"$(inherited)",
					"@executable_path/Frameworks",
				);
				PRODUCT_BUNDLE_IDENTIFIER = com.demidova.WeatherApp;
				PRODUCT_NAME = "$(TARGET_NAME)";
				SWIFT_VERSION = 5.0;
				TARGETED_DEVICE_FAMILY = 1;
			};
			name = Release;
		};
/* End XCBuildConfiguration section */

/* Begin XCConfigurationList section */
		86E11C2724B11A5500131DCD /* Build configuration list for PBXProject "WeatherApp" */ = {
			isa = XCConfigurationList;
			buildConfigurations = (
				86E11C3E24B11A5900131DCD /* Debug */,
				86E11C3F24B11A5900131DCD /* Release */,
			);
			defaultConfigurationIsVisible = 0;
			defaultConfigurationName = Release;
		};
		86E11C4024B11A5900131DCD /* Build configuration list for PBXNativeTarget "WeatherApp" */ = {
			isa = XCConfigurationList;
			buildConfigurations = (
				86E11C4124B11A5900131DCD /* Debug */,
				86E11C4224B11A5900131DCD /* Release */,
			);
			defaultConfigurationIsVisible = 0;
			defaultConfigurationName = Release;
		};
/* End XCConfigurationList section */
	};
	rootObject = 86E11C2424B11A5500131DCD /* Project object */;
}
